{
  "nodes": {
    "build-support": {
      "inputs": {
        "flake-parts": "flake-parts",
        "nixpkgs": "nixpkgs",
        "process-compose-flake": "process-compose-flake",
        "services-flake": "services-flake"
      },
      "locked": {
        "lastModified": 1773256671,
        "narHash": "sha256-y25OXObKUQs0/Il+wb4VI5YMqkokLxVIT8WZBKawXdw=",
        "owner": "ShibumiCorp",
        "repo": "build_support",
        "rev": "937f426cb5b87e3e4f7485cfae64d3969b6ef511",
        "type": "github"
      },
      "original": {
        "owner": "ShibumiCorp",
        "repo": "build_support",
        "type": "github"
      }
    },
    "flake-parts": {
      "inputs": {
        "nixpkgs-lib": [
          "build-support",
          "nixpkgs"
        ]
      },
      "locked": {
        "lastModified": 1769996383,
        "narHash": "sha256-AnYjnFWgS49RlqX7LrC4uA+sCCDBj0Ry/WOJ5XWAsa0=",
        "owner": "hercules-ci",
        "repo": "flake-parts",
        "rev": "57928607ea566b5db3ad13af0e57e921e6b12381",
        "type": "github"
      },
      "original": {
        "owner": "hercules-ci",
        "repo": "flake-parts",
        "type": "github"
      }
    },
    "nixpkgs": {
      "locked": {
        "lastModified": 1764831616,
        "narHash": "sha256-OtzF5wBvO0jgW1WW1rQU9cMGx7zuvkF7CAVJ1ypzkxA=",
        "owner": "nixos",
        "repo": "nixpkgs",
        "rev": "c97c47f2bac4fa59e2cbdeba289686ae615f8ed4",
        "type": "github"
      },
      "original": {
        "owner": "nixos",
        "ref": "nixos-25.11",
        "repo": "nixpkgs",
        "type": "github"
      }
    },
    "process-compose-flake": {
      "locked": {
        "lastModified": 1767863885,
        "narHash": "sha256-XXekPAxzbv1DmHFo3Elmj/vDnvWc1V0jdDUvM0/Wf7k=",
        "owner": "Platonic-Systems",
        "repo": "process-compose-flake",
        "rev": "99bea96cf269cfd235833ebdf645b567069fd398",
        "type": "github"
      },
      "original": {
        "owner": "Platonic-Systems",
        "repo": "process-compose-flake",
        "type": "github"
      }
    },
    "root": {
      "inputs": {
        "build-support": "build-support",
        "flake-parts": [
          "build-support",
          "flake-parts"
        ],
        "nixpkgs": [
          "build-support",
          "nixpkgs"
        ]
      }
    },
    "services-flake": {
      "locked": {
        "lastModified": 1771721697,
        "narHash": "sha256-+B4iLbL5+PMnYZMKmCuiAja1cCUjusnBnLcvOcXqO/w=",
        "owner": "juspay",
        "repo": "services-flake",
        "rev": "c8faf7e2ee52a2a511fc941ce9b6ae376bbc904b",
        "type": "github"
      },
      "original": {
        "owner": "juspay",
        "repo": "services-flake",
        "type": "github"
      }
    }
  },
  "root": "root",
  "version": 7
}
